{
  "version": 4,
  "terraform_version": "1.8.2",
  "serial": 6,
  "lineage": "01e14296-0e16-df75-ae57-88b154bdd1d6",
  "outputs": {},
  "resources": [
    {
      "mode": "data",
      "type": "aws_ec2_instance_type_offerings",
      "name": "instance_type",
      "provider": "provider[\"registry.terraform.io/hashicorp/aws\"]",
      "instances": [
        {
          "index_key": "us-east-1a",
          "schema_version": 0,
          "attributes": {
            "filter": [
              {
                "name": "instance-type",
                "values": [
                  "t2.micro"
                ]
              },
              {
                "name": "location",
                "values": [
                  "us-east-1a"
                ]
              }
            ],
            "id": "us-east-1",
            "instance_types": [
              "t2.micro"
            ],
            "location_type": "availability-zone",
            "location_types": [
              "availability-zone"
            ],
            "locations": [
              "us-east-1a"
            ],
            "timeouts": null
          },
          "sensitive_attributes": []
        },
        {
          "index_key": "us-east-1b",
          "schema_version": 0,
          "attributes": {
            "filter": [
              {
                "name": "instance-type",
                "values": [
                  "t2.micro"
                ]
              },
              {
                "name": "location",
                "values": [
                  "us-east-1b"
                ]
              }
            ],
            "id": "us-east-1",
            "instance_types": [
              "t2.micro"
            ],
            "location_type": "availability-zone",
            "location_types": [
              "availability-zone"
            ],
            "locations": [
              "us-east-1b"
            ],
            "timeouts": null
          },
          "sensitive_attributes": []
        }
      ]
    },
    {
      "mode": "data",
      "type": "aws_key_pair",
      "name": "ssh-aws_key",
      "provider": "provider[\"registry.terraform.io/hashicorp/aws\"]",
      "instances": [
        {
          "schema_version": 0,
          "attributes": {
            "arn": "arn:aws:ec2:us-east-1:851725172472:key-pair/ssh-virgina-key",
            "create_time": "2024-04-23T14:19:54Z",
            "filter": null,
            "fingerprint": "12:9d:24:55:92:84:43:21:1a:42:c3:09:c1:66:bf:8a:16:9d:a7:aa",
            "id": "key-00d058a2f0a2c2a54",
            "include_public_key": false,
            "key_name": "ssh-virgina-key",
            "key_pair_id": "key-00d058a2f0a2c2a54",
            "key_type": "rsa",
            "public_key": "",
            "tags": {},
            "timeouts": null
          },
          "sensitive_attributes": []
        }
      ]
    },
    {
      "mode": "data",
      "type": "aws_security_group",
      "name": "fe",
      "provider": "provider[\"registry.terraform.io/hashicorp/aws\"]",
      "instances": [
        {
          "schema_version": 0,
          "attributes": {
            "arn": "arn:aws:ec2:us-east-1:851725172472:security-group/sg-09c14b1f0da8f9c31",
            "description": "Managed by Terraform",
            "filter": null,
            "id": "sg-09c14b1f0da8f9c31",
            "name": "FE-SG",
            "tags": {
              "Name": "FE-SG"
            },
            "timeouts": null,
            "vpc_id": "vpc-074a0c7b2005e4cc9"
          },
          "sensitive_attributes": []
        }
      ]
    },
    {
      "mode": "data",
      "type": "aws_security_group",
      "name": "linux",
      "provider": "provider[\"registry.terraform.io/hashicorp/aws\"]",
      "instances": [
        {
          "schema_version": 0,
          "attributes": {
            "arn": "arn:aws:ec2:us-east-1:851725172472:security-group/sg-05aafb8e0c3d856a7",
            "description": "Linux",
            "filter": null,
            "id": "sg-05aafb8e0c3d856a7",
            "name": "Linux-SG",
            "tags": {
              "Linux-sg": "Linux-SG",
              "Name": "Linux-SG"
            },
            "timeouts": null,
            "vpc_id": "vpc-074a0c7b2005e4cc9"
          },
          "sensitive_attributes": []
        }
      ]
    },
    {
      "mode": "managed",
      "type": "aws_instance",
      "name": "webapp-dev-public",
      "provider": "provider[\"registry.terraform.io/hashicorp/aws\"]",
      "instances": [
        {
          "index_key": 0,
          "schema_version": 1,
          "attributes": {
            "ami": "ami-0fe630eb857a6ec83",
            "arn": "arn:aws:ec2:us-east-1:851725172472:instance/i-06d3beb0217e5973e",
            "associate_public_ip_address": true,
            "availability_zone": "us-east-1a",
            "capacity_reservation_specification": [
              {
                "capacity_reservation_preference": "open",
                "capacity_reservation_target": []
              }
            ],
            "cpu_core_count": 1,
            "cpu_options": [
              {
                "amd_sev_snp": "",
                "core_count": 1,
                "threads_per_core": 1
              }
            ],
            "cpu_threads_per_core": 1,
            "credit_specification": [
              {
                "cpu_credits": "standard"
              }
            ],
            "disable_api_stop": false,
            "disable_api_termination": false,
            "ebs_block_device": [],
            "ebs_optimized": false,
            "enclave_options": [
              {
                "enabled": false
              }
            ],
            "ephemeral_block_device": [],
            "get_password_data": false,
            "hibernation": false,
            "host_id": "",
            "host_resource_group_arn": null,
            "iam_instance_profile": "",
            "id": "i-06d3beb0217e5973e",
            "instance_initiated_shutdown_behavior": "stop",
            "instance_lifecycle": "",
            "instance_market_options": [],
            "instance_state": "running",
            "instance_type": "t2.micro",
            "ipv6_address_count": 0,
            "ipv6_addresses": [],
            "key_name": "ssh-virgina-key",
            "launch_template": [],
            "maintenance_options": [
              {
                "auto_recovery": "default"
              }
            ],
            "metadata_options": [
              {
                "http_endpoint": "enabled",
                "http_protocol_ipv6": "disabled",
                "http_put_response_hop_limit": 1,
                "http_tokens": "optional",
                "instance_metadata_tags": "disabled"
              }
            ],
            "monitoring": false,
            "network_interface": [],
            "outpost_arn": "",
            "password_data": "",
            "placement_group": "",
            "placement_partition_number": 0,
            "primary_network_interface_id": "eni-0fac4e260abc02815",
            "private_dns": "ip-172-29-5-154.ec2.internal",
            "private_dns_name_options": [
              {
                "enable_resource_name_dns_a_record": false,
                "enable_resource_name_dns_aaaa_record": false,
                "hostname_type": "ip-name"
              }
            ],
            "private_ip": "172.29.5.154",
            "public_dns": "",
            "public_ip": "18.207.177.131",
            "root_block_device": [
              {
                "delete_on_termination": true,
                "device_name": "/dev/sda1",
                "encrypted": false,
                "iops": 3000,
                "kms_key_id": "",
                "tags": {},
                "tags_all": {},
                "throughput": 125,
                "volume_id": "vol-0bd28adcbc8be5e84",
                "volume_size": 10,
                "volume_type": "gp3"
              }
            ],
            "secondary_private_ips": [],
            "security_groups": [],
            "source_dest_check": true,
            "spot_instance_request_id": "",
            "subnet_id": "subnet-00fd30c94d5aabe0b",
            "tags": {
              "Name": "web-app100"
            },
            "tags_all": {
              "Name": "web-app100"
            },
            "tenancy": "default",
            "timeouts": null,
            "user_data": "ef9946b1bde7f603c71d087e41a79be011ec8352",
            "user_data_base64": null,
            "user_data_replace_on_change": false,
            "volume_tags": null,
            "vpc_security_group_ids": [
              "sg-05aafb8e0c3d856a7",
              "sg-09c14b1f0da8f9c31"
            ]
          },
          "sensitive_attributes": [],
          "private": "eyJlMmJmYjczMC1lY2FhLTExZTYtOGY4OC0zNDM2M2JjN2M0YzAiOnsiY3JlYXRlIjo2MDAwMDAwMDAwMDAsImRlbGV0ZSI6MTIwMDAwMDAwMDAwMCwicmVhZCI6OTAwMDAwMDAwMDAwLCJ1cGRhdGUiOjYwMDAwMDAwMDAwMH0sInNjaGVtYV92ZXJzaW9uIjoiMSJ9",
          "dependencies": [
            "data.aws_key_pair.ssh-aws_key",
            "data.aws_security_group.fe",
            "data.aws_security_group.linux"
          ]
        }
      ]
    }
  ],
  "check_results": null
}
